PODS:
  - ChameleonFramework (2.1.0):
    - ChameleonFramework/Default (= 2.1.0)
  - ChameleonFramework/Default (2.1.0)

DEPENDENCIES:
  - ChameleonFramework

SPEC CHECKSUMS:
  ChameleonFramework: d21a3cc247abfe5e37609a283a8238b03575cf64

PODFILE CHECKSUM: bcb11947fd9a1c140f2bf51e36a9fde78075f5c7

COCOAPODS: 1.1.0.beta.2
